
Microsoft Visual Studio Solution File, Format Version 12.00
# Visual Studio Version 16
VisualStudioVersion = 16.0.31624.102
MinimumVisualStudioVersion = 10.0.40219.1
Project("{FAE04EC0-301F-11D3-BF4B-00C04F79EFBC}") = "DirectorAndFiles", "DirectorAndFiles\DirectorAndFiles.csproj", "{7BD3B2E7-8974-4193-B6DE-1AA7701598BA}"
EndProject
Project("{FAE04EC0-301F-11D3-BF4B-00C04F79EFBC}") = "WishList", "WishList\WishList.csproj", "{3D9ED1FB-648C-4931-998E-95E305686766}"
EndProject
Project("{FAE04EC0-301F-11D3-BF4B-00C04F79EFBC}") = "MyWishListFile", "MyWishListFile\MyWishListFile.csproj", "{F3BD0625-284C-4072-A958-284EBBD9118D}"
EndProject
Project("{FAE04EC0-301F-11D3-BF4B-00C04F79EFBC}") = "ShoppongList", "ShoppongList\ShoppongList.csproj", "{F4BFF59F-8785-4C72-BC77-1042210FC98F}"
EndProject
Project("{FAE04EC0-301F-11D3-BF4B-00C04F79EFBC}") = "MyShoppingList", "MyShoppingList\MyShoppingList.csproj", "{C7C12137-15BB-4751-8160-F212A763653C}"
EndProject
Global
	GlobalSection(SolutionConfigurationPlatforms) = preSolution
		Debug|Any CPU = Debug|Any CPU
		Release|Any CPU = Release|Any CPU
	EndGlobalSection
	GlobalSection(ProjectConfigurationPlatforms) = postSolution
		{7BD3B2E7-8974-4193-B6DE-1AA7701598BA}.Debug|Any CPU.ActiveCfg = Debug|Any CPU
		{7BD3B2E7-8974-4193-B6DE-1AA7701598BA}.Debug|Any CPU.Build.0 = Debug|Any CPU
		{7BD3B2E7-8974-4193-B6DE-1AA7701598BA}.Release|Any CPU.ActiveCfg = Release|Any CPU
		{7BD3B2E7-8974-4193-B6DE-1AA7701598BA}.Release|Any CPU.Build.0 = Release|Any CPU
		{3D9ED1FB-648C-4931-998E-95E305686766}.Debug|Any CPU.ActiveCfg = Debug|Any CPU
		{3D9ED1FB-648C-4931-998E-95E305686766}.Debug|Any CPU.Build.0 = Debug|Any CPU
		{3D9ED1FB-648C-4931-998E-95E305686766}.Release|Any CPU.ActiveCfg = Release|Any CPU
		{3D9ED1FB-648C-4931-998E-95E305686766}.Release|Any CPU.Build.0 = Release|Any CPU
		{F3BD0625-284C-4072-A958-284EBBD9118D}.Debug|Any CPU.ActiveCfg = Debug|Any CPU
		{F3BD0625-284C-4072-A958-284EBBD9118D}.Debug|Any CPU.Build.0 = Debug|Any CPU
		{F3BD0625-284C-4072-A958-284EBBD9118D}.Release|Any CPU.ActiveCfg = Release|Any CPU
		{F3BD0625-284C-4072-A958-284EBBD9118D}.Release|Any CPU.Build.0 = Release|Any CPU
		{F4BFF59F-8785-4C72-BC77-1042210FC98F}.Debug|Any CPU.ActiveCfg = Debug|Any CPU
		{F4BFF59F-8785-4C72-BC77-1042210FC98F}.Debug|Any CPU.Build.0 = Debug|Any CPU
		{F4BFF59F-8785-4C72-BC77-1042210FC98F}.Release|Any CPU.ActiveCfg = Release|Any CPU
		{F4BFF59F-8785-4C72-BC77-1042210FC98F}.Release|Any CPU.Build.0 = Release|Any CPU
		{C7C12137-15BB-4751-8160-F212A763653C}.Debug|Any CPU.ActiveCfg = Debug|Any CPU
		{C7C12137-15BB-4751-8160-F212A763653C}.Debug|Any CPU.Build.0 = Debug|Any CPU
		{C7C12137-15BB-4751-8160-F212A763653C}.Release|Any CPU.ActiveCfg = Release|Any CPU
		{C7C12137-15BB-4751-8160-F212A763653C}.Release|Any CPU.Build.0 = Release|Any CPU
	EndGlobalSection
	GlobalSection(SolutionProperties) = preSolution
		HideSolutionNode = FALSE
	EndGlobalSection
	GlobalSection(ExtensibilityGlobals) = postSolution
		SolutionGuid = {5C740EB8-1068-4E4A-8DF7-5AD040865617}
	EndGlobalSection
EndGlobal
